// !$*UTF8*$!
{
	archiveVersion = 1;
	classes = {
	};
	objectVersion = 46;
	objects = {

/* Begin PBXBuildFile section */
		201CF8051D201B3400A2803A /* libPods.a in Frameworks */ = {isa = PBXBuildFile; fileRef = 99201343FACE6CEBC11CA80B /* libPods.a */; };
		B52C90181AE04D5700C6F92A /* main.m in Sources */ = {isa = PBXBuildFile; fileRef = B52C90171AE04D5700C6F92A /* main.m */; };
		B52C901B1AE04D5700C6F92A /* AppDelegate.m in Sources */ = {isa = PBXBuildFile; fileRef = B52C901A1AE04D5700C6F92A /* AppDelegate.m */; };
		B52C90231AE04D5700C6F92A /* Images.xcassets in Resources */ = {isa = PBXBuildFile; fileRef = B52C90221AE04D5700C6F92A /* Images.xcassets */; };
		B52C90321AE04D5700C6F92A /* AnyWayTestTests.m in Sources */ = {isa = PBXBuildFile; fileRef = B52C90311AE04D5700C6F92A /* AnyWayTestTests.m */; };
		B52C903F1AE04DF300C6F92A /* Window.xib in Resources */ = {isa = PBXBuildFile; fileRef = B52C903E1AE04DF300C6F92A /* Window.xib */; };
		B52C90431AE0511000C6F92A /* MainCell.m in Sources */ = {isa = PBXBuildFile; fileRef = B52C90411AE0511000C6F92A /* MainCell.m */; };
		B52C90441AE0511000C6F92A /* MainCell.xib in Resources */ = {isa = PBXBuildFile; fileRef = B52C90421AE0511000C6F92A /* MainCell.xib */; };
		B52C90481AE05F2000C6F92A /* ViewController.m in Sources */ = {isa = PBXBuildFile; fileRef = B52C90471AE05F2000C6F92A /* ViewController.m */; };
		B52C905E1AE05FE700C6F92A /* CitiesViewController.m in Sources */ = {isa = PBXBuildFile; fileRef = B52C905C1AE05FE700C6F92A /* CitiesViewController.m */; };
		B52C905F1AE05FE700C6F92A /* CitiesViewController.xib in Resources */ = {isa = PBXBuildFile; fileRef = B52C905D1AE05FE700C6F92A /* CitiesViewController.xib */; };
		B5CBB3DA1AE102F000E92A57 /* ViewController.xib in Resources */ = {isa = PBXBuildFile; fileRef = B5CBB3D91AE102F000E92A57 /* ViewController.xib */; };
		B5CBB3E11AE12B8100E92A57 /* CityModel.m in Sources */ = {isa = PBXBuildFile; fileRef = B5CBB3E01AE12B8100E92A57 /* CityModel.m */; };
		B5CBB3E51AE145EF00E92A57 /* CalendarViewController.m in Sources */ = {isa = PBXBuildFile; fileRef = B5CBB3E31AE145EF00E92A57 /* CalendarViewController.m */; };
		B5CBB3E61AE145EF00E92A57 /* CalendarViewController.xib in Resources */ = {isa = PBXBuildFile; fileRef = B5CBB3E41AE145EF00E92A57 /* CalendarViewController.xib */; };
		B5EAE7CD1AE663250003D9C3 /* FindTicketsModel.m in Sources */ = {isa = PBXBuildFile; fileRef = B5EAE7CC1AE663250003D9C3 /* FindTicketsModel.m */; };
		B5EAE7D11AE68E4A0003D9C3 /* ResultViewController.m in Sources */ = {isa = PBXBuildFile; fileRef = B5EAE7CF1AE68E4A0003D9C3 /* ResultViewController.m */; };
		B5EAE7D21AE68E4A0003D9C3 /* ResultViewController.xib in Resources */ = {isa = PBXBuildFile; fileRef = B5EAE7D01AE68E4A0003D9C3 /* ResultViewController.xib */; };
/* End PBXBuildFile section */

/* Begin PBXContainerItemProxy section */
		B52C902C1AE04D5700C6F92A /* PBXContainerItemProxy */ = {
			isa = PBXContainerItemProxy;
			containerPortal = B52C900A1AE04D5600C6F92A /* Project object */;
			proxyType = 1;
			remoteGlobalIDString = B52C90111AE04D5700C6F92A;
			remoteInfo = AnyWayTest;
		};
/* End PBXContainerItemProxy section */

/* Begin PBXFileReference section */
		99201343FACE6CEBC11CA80B /* libPods.a */ = {isa = PBXFileReference; explicitFileType = archive.ar; includeInIndex = 0; path = libPods.a; sourceTree = BUILT_PRODUCTS_DIR; };
		A3A27DACBD6E5D2CA845BCDD /* Pods.release.xcconfig */ = {isa = PBXFileReference; includeInIndex = 1; lastKnownFileType = text.xcconfig; name = Pods.release.xcconfig; path = "Pods/Target Support Files/Pods/Pods.release.xcconfig"; sourceTree = "<group>"; };
		B32686A7B2766FCBF8146514 /* Pods.debug.xcconfig */ = {isa = PBXFileReference; includeInIndex = 1; lastKnownFileType = text.xcconfig; name = Pods.debug.xcconfig; path = "Pods/Target Support Files/Pods/Pods.debug.xcconfig"; sourceTree = "<group>"; };
		B52C90121AE04D5700C6F92A /* AnyWayTest.app */ = {isa = PBXFileReference; explicitFileType = wrapper.application; includeInIndex = 0; path = AnyWayTest.app; sourceTree = BUILT_PRODUCTS_DIR; };
		B52C90161AE04D5700C6F92A /* Info.plist */ = {isa = PBXFileReference; lastKnownFileType = text.plist.xml; path = Info.plist; sourceTree = "<group>"; };
		B52C90171AE04D5700C6F92A /* main.m */ = {isa = PBXFileReference; lastKnownFileType = sourcecode.c.objc; path = main.m; sourceTree = "<group>"; };
		B52C90191AE04D5700C6F92A /* AppDelegate.h */ = {isa = PBXFileReference; lastKnownFileType = sourcecode.c.h; path = AppDelegate.h; sourceTree = "<group>"; };
		B52C901A1AE04D5700C6F92A /* AppDelegate.m */ = {isa = PBXFileReference; lastKnownFileType = sourcecode.c.objc; path = AppDelegate.m; sourceTree = "<group>"; };
		B52C90221AE04D5700C6F92A /* Images.xcassets */ = {isa = PBXFileReference; lastKnownFileType = folder.assetcatalog; path = Images.xcassets; sourceTree = "<group>"; };
		B52C902B1AE04D5700C6F92A /* AnyWayTestTests.xctest */ = {isa = PBXFileReference; explicitFileType = wrapper.cfbundle; includeInIndex = 0; path = AnyWayTestTests.xctest; sourceTree = BUILT_PRODUCTS_DIR; };
		B52C90301AE04D5700C6F92A /* Info.plist */ = {isa = PBXFileReference; lastKnownFileType = text.plist.xml; path = Info.plist; sourceTree = "<group>"; };
		B52C90311AE04D5700C6F92A /* AnyWayTestTests.m */ = {isa = PBXFileReference; lastKnownFileType = sourcecode.c.objc; path = AnyWayTestTests.m; sourceTree = "<group>"; };
		B52C903E1AE04DF300C6F92A /* Window.xib */ = {isa = PBXFileReference; fileEncoding = 4; lastKnownFileType = file.xib; path = Window.xib; sourceTree = "<group>"; };
		B52C90401AE0511000C6F92A /* MainCell.h */ = {isa = PBXFileReference; fileEncoding = 4; lastKnownFileType = sourcecode.c.h; path = MainCell.h; sourceTree = "<group>"; };
		B52C90411AE0511000C6F92A /* MainCell.m */ = {isa = PBXFileReference; fileEncoding = 4; lastKnownFileType = sourcecode.c.objc; path = MainCell.m; sourceTree = "<group>"; };
		B52C90421AE0511000C6F92A /* MainCell.xib */ = {isa = PBXFileReference; fileEncoding = 4; lastKnownFileType = file.xib; path = MainCell.xib; sourceTree = "<group>"; };
		B52C90461AE05F2000C6F92A /* ViewController.h */ = {isa = PBXFileReference; fileEncoding = 4; lastKnownFileType = sourcecode.c.h; path = ViewController.h; sourceTree = "<group>"; };
		B52C90471AE05F2000C6F92A /* ViewController.m */ = {isa = PBXFileReference; fileEncoding = 4; lastKnownFileType = sourcecode.c.objc; path = ViewController.m; sourceTree = "<group>"; };
		B52C905B1AE05FE700C6F92A /* CitiesViewController.h */ = {isa = PBXFileReference; fileEncoding = 4; lastKnownFileType = sourcecode.c.h; path = CitiesViewController.h; sourceTree = "<group>"; };
		B52C905C1AE05FE700C6F92A /* CitiesViewController.m */ = {isa = PBXFileReference; fileEncoding = 4; lastKnownFileType = sourcecode.c.objc; path = CitiesViewController.m; sourceTree = "<group>"; };
		B52C905D1AE05FE700C6F92A /* CitiesViewController.xib */ = {isa = PBXFileReference; fileEncoding = 4; lastKnownFileType = file.xib; path = CitiesViewController.xib; sourceTree = "<group>"; };
		B5CBB3D91AE102F000E92A57 /* ViewController.xib */ = {isa = PBXFileReference; fileEncoding = 4; lastKnownFileType = file.xib; path = ViewController.xib; sourceTree = "<group>"; };
		B5CBB3DF1AE12B8100E92A57 /* CityModel.h */ = {isa = PBXFileReference; fileEncoding = 4; lastKnownFileType = sourcecode.c.h; name = CityModel.h; path = Models/CityModel.h; sourceTree = "<group>"; };
		B5CBB3E01AE12B8100E92A57 /* CityModel.m */ = {isa = PBXFileReference; fileEncoding = 4; lastKnownFileType = sourcecode.c.objc; name = CityModel.m; path = Models/CityModel.m; sourceTree = "<group>"; };
		B5CBB3E21AE145EF00E92A57 /* CalendarViewController.h */ = {isa = PBXFileReference; fileEncoding = 4; lastKnownFileType = sourcecode.c.h; path = CalendarViewController.h; sourceTree = "<group>"; };
		B5CBB3E31AE145EF00E92A57 /* CalendarViewController.m */ = {isa = PBXFileReference; fileEncoding = 4; lastKnownFileType = sourcecode.c.objc; path = CalendarViewController.m; sourceTree = "<group>"; };
		B5CBB3E41AE145EF00E92A57 /* CalendarViewController.xib */ = {isa = PBXFileReference; fileEncoding = 4; lastKnownFileType = file.xib; path = CalendarViewController.xib; sourceTree = "<group>"; };
		B5EAE7CB1AE663250003D9C3 /* FindTicketsModel.h */ = {isa = PBXFileReference; fileEncoding = 4; lastKnownFileType = sourcecode.c.h; name = FindTicketsModel.h; path = Models/FindTicketsModel.h; sourceTree = "<group>"; };
		B5EAE7CC1AE663250003D9C3 /* FindTicketsModel.m */ = {isa = PBXFileReference; fileEncoding = 4; lastKnownFileType = sourcecode.c.objc; name = FindTicketsModel.m; path = Models/FindTicketsModel.m; sourceTree = "<group>"; };
		B5EAE7CE1AE68E4A0003D9C3 /* ResultViewController.h */ = {isa = PBXFileReference; fileEncoding = 4; lastKnownFileType = sourcecode.c.h; path = ResultViewController.h; sourceTree = "<group>"; };
		B5EAE7CF1AE68E4A0003D9C3 /* ResultViewController.m */ = {isa = PBXFileReference; fileEncoding = 4; lastKnownFileType = sourcecode.c.objc; path = ResultViewController.m; sourceTree = "<group>"; };
		B5EAE7D01AE68E4A0003D9C3 /* ResultViewController.xib */ = {isa = PBXFileReference; fileEncoding = 4; lastKnownFileType = file.xib; path = ResultViewController.xib; sourceTree = "<group>"; };
/* End PBXFileReference section */

/* Begin PBXFrameworksBuildPhase section */
		B52C900F1AE04D5700C6F92A /* Frameworks */ = {
			isa = PBXFrameworksBuildPhase;
			buildActionMask = 2147483647;
			files = (
				201CF8051D201B3400A2803A /* libPods.a in Frameworks */,
			);
			runOnlyForDeploymentPostprocessing = 0;
		};
		B52C90281AE04D5700C6F92A /* Frameworks */ = {
			isa = PBXFrameworksBuildPhase;
			buildActionMask = 2147483647;
			files = (
			);
			runOnlyForDeploymentPostprocessing = 0;
		};
/* End PBXFrameworksBuildPhase section */

/* Begin PBXGroup section */
		0C1DBDB379D2019A1AE46451 /* Pods */ = {
			isa = PBXGroup;
			children = (
				B32686A7B2766FCBF8146514 /* Pods.debug.xcconfig */,
				A3A27DACBD6E5D2CA845BCDD /* Pods.release.xcconfig */,
			);
			name = Pods;
			sourceTree = "<group>";
		};
		9BE625BD6E33AED14E458938 /* Frameworks */ = {
			isa = PBXGroup;
			children = (
				99201343FACE6CEBC11CA80B /* libPods.a */,
			);
			name = Frameworks;
			sourceTree = "<group>";
		};
		B52C90091AE04D5600C6F92A = {
			isa = PBXGroup;
			children = (
				B52C90141AE04D5700C6F92A /* AnyWayTest */,
				B52C902E1AE04D5700C6F92A /* AnyWayTestTests */,
				B52C90131AE04D5700C6F92A /* Products */,
				0C1DBDB379D2019A1AE46451 /* Pods */,
				9BE625BD6E33AED14E458938 /* Frameworks */,
			);
			sourceTree = "<group>";
		};
		B52C90131AE04D5700C6F92A /* Products */ = {
			isa = PBXGroup;
			children = (
				B52C90121AE04D5700C6F92A /* AnyWayTest.app */,
				B52C902B1AE04D5700C6F92A /* AnyWayTestTests.xctest */,
			);
			name = Products;
			sourceTree = "<group>";
		};
		B52C90141AE04D5700C6F92A /* AnyWayTest */ = {
			isa = PBXGroup;
			children = (
				B5CBB3DE1AE12B5900E92A57 /* Models */,
				B52C90191AE04D5700C6F92A /* AppDelegate.h */,
				B52C901A1AE04D5700C6F92A /* AppDelegate.m */,
				B52C90451AE05F2000C6F92A /* Controllers */,
				B52C903D1AE04DF300C6F92A /* Views */,
				B52C90221AE04D5700C6F92A /* Images.xcassets */,
				B52C90151AE04D5700C6F92A /* Supporting Files */,
			);
			path = AnyWayTest;
			sourceTree = "<group>";
		};
		B52C90151AE04D5700C6F92A /* Supporting Files */ = {
			isa = PBXGroup;
			children = (
				B52C90161AE04D5700C6F92A /* Info.plist */,
				B52C90171AE04D5700C6F92A /* main.m */,
			);
			name = "Supporting Files";
			sourceTree = "<group>";
		};
		B52C902E1AE04D5700C6F92A /* AnyWayTestTests */ = {
			isa = PBXGroup;
			children = (
				B52C90311AE04D5700C6F92A /* AnyWayTestTests.m */,
				B52C902F1AE04D5700C6F92A /* Supporting Files */,
			);
			path = AnyWayTestTests;
			sourceTree = "<group>";
		};
		B52C902F1AE04D5700C6F92A /* Supporting Files */ = {
			isa = PBXGroup;
			children = (
				B52C90301AE04D5700C6F92A /* Info.plist */,
			);
			name = "Supporting Files";
			sourceTree = "<group>";
		};
		B52C903D1AE04DF300C6F92A /* Views */ = {
			isa = PBXGroup;
			children = (
				B52C903E1AE04DF300C6F92A /* Window.xib */,
				B52C90401AE0511000C6F92A /* MainCell.h */,
				B52C90411AE0511000C6F92A /* MainCell.m */,
				B52C90421AE0511000C6F92A /* MainCell.xib */,
			);
			path = Views;
			sourceTree = "<group>";
		};
		B52C90451AE05F2000C6F92A /* Controllers */ = {
			isa = PBXGroup;
			children = (
				B52C90461AE05F2000C6F92A /* ViewController.h */,
				B52C90471AE05F2000C6F92A /* ViewController.m */,
				B5CBB3D91AE102F000E92A57 /* ViewController.xib */,
				B52C905B1AE05FE700C6F92A /* CitiesViewController.h */,
				B52C905C1AE05FE700C6F92A /* CitiesViewController.m */,
				B52C905D1AE05FE700C6F92A /* CitiesViewController.xib */,
				B5CBB3E21AE145EF00E92A57 /* CalendarViewController.h */,
				B5CBB3E31AE145EF00E92A57 /* CalendarViewController.m */,
				B5CBB3E41AE145EF00E92A57 /* CalendarViewController.xib */,
				B5EAE7CE1AE68E4A0003D9C3 /* ResultViewController.h */,
				B5EAE7CF1AE68E4A0003D9C3 /* ResultViewController.m */,
				B5EAE7D01AE68E4A0003D9C3 /* ResultViewController.xib */,
			);
			path = Controllers;
			sourceTree = "<group>";
		};
		B5CBB3DE1AE12B5900E92A57 /* Models */ = {
			isa = PBXGroup;
			children = (
				B5CBB3DF1AE12B8100E92A57 /* CityModel.h */,
				B5CBB3E01AE12B8100E92A57 /* CityModel.m */,
				B5EAE7CB1AE663250003D9C3 /* FindTicketsModel.h */,
				B5EAE7CC1AE663250003D9C3 /* FindTicketsModel.m */,
			);
			name = Models;
			sourceTree = "<group>";
		};
/* End PBXGroup section */

/* Begin PBXNativeTarget section */
		B52C90111AE04D5700C6F92A /* AnyWayTest */ = {
			isa = PBXNativeTarget;
			buildConfigurationList = B52C90351AE04D5700C6F92A /* Build configuration list for PBXNativeTarget "AnyWayTest" */;
			buildPhases = (
				6B7477A544BE7FFB1D49A30D /* Check Pods Manifest.lock */,
				B52C900E1AE04D5700C6F92A /* Sources */,
				B52C900F1AE04D5700C6F92A /* Frameworks */,
				B52C90101AE04D5700C6F92A /* Resources */,
				D9088017E1FAE17FBC385655 /* Copy Pods Resources */,
			);
			buildRules = (
			);
			dependencies = (
			);
			name = AnyWayTest;
			productName = AnyWayTest;
			productReference = B52C90121AE04D5700C6F92A /* AnyWayTest.app */;
			productType = "com.apple.product-type.application";
		};
		B52C902A1AE04D5700C6F92A /* AnyWayTestTests */ = {
			isa = PBXNativeTarget;
			buildConfigurationList = B52C90381AE04D5700C6F92A /* Build configuration list for PBXNativeTarget "AnyWayTestTests" */;
			buildPhases = (
				B52C90271AE04D5700C6F92A /* Sources */,
				B52C90281AE04D5700C6F92A /* Frameworks */,
				B52C90291AE04D5700C6F92A /* Resources */,
			);
			buildRules = (
			);
			dependencies = (
				B52C902D1AE04D5700C6F92A /* PBXTargetDependency */,
			);
			name = AnyWayTestTests;
			productName = AnyWayTestTests;
			productReference = B52C902B1AE04D5700C6F92A /* AnyWayTestTests.xctest */;
			productType = "com.apple.product-type.bundle.unit-test";
		};
/* End PBXNativeTarget section */

/* Begin PBXProject section */
		B52C900A1AE04D5600C6F92A /* Project object */ = {
			isa = PBXProject;
			attributes = {
				LastUpgradeCheck = 0620;
				ORGANIZATIONNAME = kilovata;
				TargetAttributes = {
					B52C90111AE04D5700C6F92A = {
						CreatedOnToolsVersion = 6.2;
					};
					B52C902A1AE04D5700C6F92A = {
						CreatedOnToolsVersion = 6.2;
						TestTargetID = B52C90111AE04D5700C6F92A;
					};
				};
			};
			buildConfigurationList = B52C900D1AE04D5600C6F92A /* Build configuration list for PBXProject "AnyWayTest" */;
			compatibilityVersion = "Xcode 3.2";
			developmentRegion = English;
			hasScannedForEncodings = 0;
			knownRegions = (
				en,
				Base,
			);
			mainGroup = B52C90091AE04D5600C6F92A;
			productRefGroup = B52C90131AE04D5700C6F92A /* Products */;
			projectDirPath = "";
			projectRoot = "";
			targets = (
				B52C90111AE04D5700C6F92A /* AnyWayTest */,
				B52C902A1AE04D5700C6F92A /* AnyWayTestTests */,
			);
		};
/* End PBXProject section */

/* Begin PBXResourcesBuildPhase section */
		B52C90101AE04D5700C6F92A /* Resources */ = {
			isa = PBXResourcesBuildPhase;
			buildActionMask = 2147483647;
			files = (
				B5CBB3DA1AE102F000E92A57 /* ViewController.xib in Resources */,
				B52C90231AE04D5700C6F92A /* Images.xcassets in Resources */,
				B5EAE7D21AE68E4A0003D9C3 /* ResultViewController.xib in Resources */,
				B5CBB3E61AE145EF00E92A57 /* CalendarViewController.xib in Resources */,
				B52C905F1AE05FE700C6F92A /* CitiesViewController.xib in Resources */,
				B52C903F1AE04DF300C6F92A /* Window.xib in Resources */,
				B52C90441AE0511000C6F92A /* MainCell.xib in Resources */,
			);
			runOnlyForDeploymentPostprocessing = 0;
		};
		B52C90291AE04D5700C6F92A /* Resources */ = {
			isa = PBXResourcesBuildPhase;
			buildActionMask = 2147483647;
			files = (
			);
			runOnlyForDeploymentPostprocessing = 0;
		};
/* End PBXResourcesBuildPhase section */

/* Begin PBXShellScriptBuildPhase section */
		6B7477A544BE7FFB1D49A30D /* Check Pods Manifest.lock */ = {
			isa = PBXShellScriptBuildPhase;
			buildActionMask = 2147483647;
			files = (
			);
			inputPaths = (
			);
			name = "Check Pods Manifest.lock";
			outputPaths = (
			);
			runOnlyForDeploymentPostprocessing = 0;
			shellPath = /bin/sh;
			shellScript = "diff \"${PODS_ROOT}/../Podfile.lock\" \"${PODS_ROOT}/Manifest.lock\" > /dev/null\nif [[ $? != 0 ]] ; then\n    cat << EOM\nerror: The sandbox is not in sync with the Podfile.lock. Run 'pod install' or update your CocoaPods installation.\nEOM\n    exit 1\nfi\n";
			showEnvVarsInLog = 0;
		};
		D9088017E1FAE17FBC385655 /* Copy Pods Resources */ = {
			isa = PBXShellScriptBuildPhase;
			buildActionMask = 2147483647;
			files = (
			);
			inputPaths = (
			);
			name = "Copy Pods Resources";
			outputPaths = (
			);
			runOnlyForDeploymentPostprocessing = 0;
			shellPath = /bin/sh;
			shellScript = "\"${SRCROOT}/Pods/Target Support Files/Pods/Pods-resources.sh\"\n";
			showEnvVarsInLog = 0;
		};
/* End PBXShellScriptBuildPhase section */

/* Begin PBXSourcesBuildPhase section */
		B52C900E1AE04D5700C6F92A /* Sources */ = {
			isa = PBXSourcesBuildPhase;
			buildActionMask = 2147483647;
			files = (
				B52C905E1AE05FE700C6F92A /* CitiesViewController.m in Sources */,
				B52C901B1AE04D5700C6F92A /* AppDelegate.m in Sources */,
				B52C90431AE0511000C6F92A /* MainCell.m in Sources */,
				B52C90481AE05F2000C6F92A /* ViewController.m in Sources */,
				B5CBB3E11AE12B8100E92A57 /* CityModel.m in Sources */,
				B52C90181AE04D5700C6F92A /* main.m in Sources */,
				B5EAE7CD1AE663250003D9C3 /* FindTicketsModel.m in Sources */,
				B5CBB3E51AE145EF00E92A57 /* CalendarViewController.m in Sources */,
				B5EAE7D11AE68E4A0003D9C3 /* ResultViewController.m in Sources */,
			);
			runOnlyForDeploymentPostprocessing = 0;
		};
		B52C90271AE04D5700C6F92A /* Sources */ = {
			isa = PBXSourcesBuildPhase;
			buildActionMask = 2147483647;
			files = (
				B52C90321AE04D5700C6F92A /* AnyWayTestTests.m in Sources */,
			);
			runOnlyForDeploymentPostprocessing = 0;
		};
/* End PBXSourcesBuildPhase section */

/* Begin PBXTargetDependency section */
		B52C902D1AE04D5700C6F92A /* PBXTargetDependency */ = {
			isa = PBXTargetDependency;
			target = B52C90111AE04D5700C6F92A /* AnyWayTest */;
			targetProxy = B52C902C1AE04D5700C6F92A /* PBXContainerItemProxy */;
		};
/* End PBXTargetDependency section */

/* Begin XCBuildConfiguration section */
		B52C90331AE04D5700C6F92A /* Debug */ = {
			isa = XCBuildConfiguration;
			buildSettings = {
				ALWAYS_SEARCH_USER_PATHS = NO;
				CLANG_CXX_LANGUAGE_STANDARD = "gnu++0x";
				CLANG_CXX_LIBRARY = "libc++";
				CLANG_ENABLE_MODULES = YES;
				CLANG_ENABLE_OBJC_ARC = YES;
				CLANG_WARN_BOOL_CONVERSION = YES;
				CLANG_WARN_CONSTANT_CONVERSION = YES;
				CLANG_WARN_DIRECT_OBJC_ISA_USAGE = YES_ERROR;
				CLANG_WARN_EMPTY_BODY = YES;
				CLANG_WARN_ENUM_CONVERSION = YES;
				CLANG_WARN_INT_CONVERSION = YES;
				CLANG_WARN_OBJC_ROOT_CLASS = YES_ERROR;
				CLANG_WARN_UNREACHABLE_CODE = YES;
				CLANG_WARN__DUPLICATE_METHOD_MATCH = YES;
				"CODE_SIGN_IDENTITY[sdk=iphoneos*]" = "iPhone Developer";
				COPY_PHASE_STRIP = NO;
				ENABLE_STRICT_OBJC_MSGSEND = YES;
				GCC_C_LANGUAGE_STANDARD = gnu99;
				GCC_DYNAMIC_NO_PIC = NO;
				GCC_OPTIMIZATION_LEVEL = 0;
				GCC_PREPROCESSOR_DEFINITIONS = (
					"DEBUG=1",
					"$(inherited)",
				);
				GCC_SYMBOLS_PRIVATE_EXTERN = NO;
				GCC_WARN_64_TO_32_BIT_CONVERSION = YES;
				GCC_WARN_ABOUT_RETURN_TYPE = YES_ERROR;
				GCC_WARN_UNDECLARED_SELECTOR = YES;
				GCC_WARN_UNINITIALIZED_AUTOS = YES_AGGRESSIVE;
				GCC_WARN_UNUSED_FUNCTION = YES;
				GCC_WARN_UNUSED_VARIABLE = YES;
				IPHONEOS_DEPLOYMENT_TARGET = 8.2;
				MTL_ENABLE_DEBUG_INFO = YES;
				ONLY_ACTIVE_ARCH = YES;
				SDKROOT = iphoneos;
			};
			name = Debug;
		};
		B52C90341AE04D5700C6F92A /* Release */ = {
			isa = XCBuildConfiguration;
			buildSettings = {
				ALWAYS_SEARCH_USER_PATHS = NO;
				CLANG_CXX_LANGUAGE_STANDARD = "gnu++0x";
				CLANG_CXX_LIBRARY = "libc++";
				CLANG_ENABLE_MODULES = YES;
				CLANG_ENABLE_OBJC_ARC = YES;
				CLANG_WARN_BOOL_CONVERSION = YES;
				CLANG_WARN_CONSTANT_CONVERSION = YES;
				CLANG_WARN_DIRECT_OBJC_ISA_USAGE = YES_ERROR;
				CLANG_WARN_EMPTY_BODY = YES;
				CLANG_WARN_ENUM_CONVERSION = YES;
				CLANG_WARN_INT_CONVERSION = YES;
				CLANG_WARN_OBJC_ROOT_CLASS = YES_ERROR;
				CLANG_WARN_UNREACHABLE_CODE = YES;
				CLANG_WARN__DUPLICATE_METHOD_MATCH = YES;
				"CODE_SIGN_IDENTITY[sdk=iphoneos*]" = "iPhone Developer";
				COPY_PHASE_STRIP = NO;
				ENABLE_NS_ASSERTIONS = NO;
				ENABLE_STRICT_OBJC_MSGSEND = YES;
				GCC_C_LANGUAGE_STANDARD = gnu99;
				GCC_WARN_64_TO_32_BIT_CONVERSION = YES;
				GCC_WARN_ABOUT_RETURN_TYPE = YES_ERROR;
				GCC_WARN_UNDECLARED_SELECTOR = YES;
				GCC_WARN_UNINITIALIZED_AUTOS = YES_AGGRESSIVE;
				GCC_WARN_UNUSED_FUNCTION = YES;
				GCC_WARN_UNUSED_VARIABLE = YES;
				IPHONEOS_DEPLOYMENT_TARGET = 8.2;
				MTL_ENABLE_DEBUG_INFO = NO;
				SDKROOT = iphoneos;
				VALIDATE_PRODUCT = YES;
			};
			name = Release;
		};
		B52C90361AE04D5700C6F92A /* Debug */ = {
			isa = XCBuildConfiguration;
			baseConfigurationReference = B32686A7B2766FCBF8146514 /* Pods.debug.xcconfig */;
			buildSettings = {
				ASSETCATALOG_COMPILER_APPICON_NAME = AppIcon;
				ASSETCATALOG_COMPILER_LAUNCHIMAGE_NAME = LaunchImage;
				INFOPLIST_FILE = AnyWayTest/Info.plist;
				IPHONEOS_DEPLOYMENT_TARGET = 6.0;
				LD_RUNPATH_SEARCH_PATHS = "$(inherited) @executable_path/Frameworks";
				PRODUCT_NAME = "$(TARGET_NAME)";
			};
			name = Debug;
		};
		B52C90371AE04D5700C6F92A /* Release */ = {
			isa = XCBuildConfiguration;
			baseConfigurationReference = A3A27DACBD6E5D2CA845BCDD /* Pods.release.xcconfig */;
			buildSettings = {
				ASSETCATALOG_COMPILER_APPICON_NAME = AppIcon;
				ASSETCATALOG_COMPILER_LAUNCHIMAGE_NAME = LaunchImage;
				INFOPLIST_FILE = AnyWayTest/Info.plist;
				IPHONEOS_DEPLOYMENT_TARGET = 6.0;
				LD_RUNPATH_SEARCH_PATHS = "$(inherited) @executable_path/Frameworks";
				PRODUCT_NAME = "$(TARGET_NAME)";
			};
			name = Release;
		};
		B52C90391AE04D5700C6F92A /* Debug */ = {
			isa = XCBuildConfiguration;
			buildSettings = {
				BUNDLE_LOADER = "$(TEST_HOST)";
				FRAMEWORK_SEARCH_PATHS = (
					"$(SDKROOT)/Developer/Library/Frameworks",
					"$(inherited)",
				);
				GCC_PREPROCESSOR_DEFINITIONS = (
					"DEBUG=1",
					"$(inherited)",
				);
				INFOPLIST_FILE = AnyWayTestTests/Info.plist;
				LD_RUNPATH_SEARCH_PATHS = "$(inherited) @executable_path/Frameworks @loader_path/Frameworks";
				PRODUCT_NAME = "$(TARGET_NAME)";
				TEST_HOST = "$(BUILT_PRODUCTS_DIR)/AnyWayTest.app/AnyWayTest";
			};
			name = Debug;
		};
		B52C903A1AE04D5700C6F92A /* Release */ = {
			isa = XCBuildConfiguration;
			buildSettings = {
				BUNDLE_LOADER = "$(TEST_HOST)";
				FRAMEWORK_SEARCH_PATHS = (
					"$(SDKROOT)/Developer/Library/Frameworks",
					"$(inherited)",
				);
				INFOPLIST_FILE = AnyWayTestTests/Info.plist;
				LD_RUNPATH_SEARCH_PATHS = "$(inherited) @executable_path/Frameworks @loader_path/Frameworks";
				PRODUCT_NAME = "$(TARGET_NAME)";
				TEST_HOST = "$(BUILT_PRODUCTS_DIR)/AnyWayTest.app/AnyWayTest";
			};
			name = Release;
		};
/* End XCBuildConfiguration section */

/* Begin XCConfigurationList section */
		B52C900D1AE04D5600C6F92A /* Build configuration list for PBXProject "AnyWayTest" */ = {
			isa = XCConfigurationList;
			buildConfigurations = (
				B52C90331AE04D5700C6F92A /* Debug */,
				B52C90341AE04D5700C6F92A /* Release */,
			);
			defaultConfigurationIsVisible = 0;
			defaultConfigurationName = Release;
		};
		B52C90351AE04D5700C6F92A /* Build configuration list for PBXNativeTarget "AnyWayTest" */ = {
			isa = XCConfigurationList;
			buildConfigurations = (
				B52C90361AE04D5700C6F92A /* Debug */,
				B52C90371AE04D5700C6F92A /* Release */,
			);
			defaultConfigurationIsVisible = 0;
			defaultConfigurationName = Release;
		};
		B52C90381AE04D5700C6F92A /* Build configuration list for PBXNativeTarget "AnyWayTestTests" */ = {
			isa = XCConfigurationList;
			buildConfigurations = (
				B52C90391AE04D5700C6F92A /* Debug */,
				B52C903A1AE04D5700C6F92A /* Release */,
			);
			defaultConfigurationIsVisible = 0;
			defaultConfigurationName = Release;
		};
/* End XCConfigurationList section */
	};
	rootObject = B52C900A1AE04D5600C6F92A /* Project object */;
}
